
Microsoft Visual Studio Solution File, Format Version 12.00
# Visual Studio 15
VisualStudioVersion = 15.0.27428.2027
MinimumVisualStudioVersion = 10.0.40219.1
Project("{FAE04EC0-301F-11D3-BF4B-00C04F79EFBC}") = "ProblemA", "ProblemA\ProblemA.csproj", "{DC993EAD-5162-450B-B00E-C6FBB26C04D5}"
EndProject
Project("{FAE04EC0-301F-11D3-BF4B-00C04F79EFBC}") = "ProblemA.Tests", "ProblemA.Tests\ProblemA.Tests.csproj", "{DA6334EF-110F-44FE-B08C-70DEA6A63469}"
EndProject
Global
	GlobalSection(SolutionConfigurationPlatforms) = preSolution
		Debug|Any CPU = Debug|Any CPU
		Release|Any CPU = Release|Any CPU
	EndGlobalSection
	GlobalSection(ProjectConfigurationPlatforms) = postSolution
		{DC993EAD-5162-450B-B00E-C6FBB26C04D5}.Debug|Any CPU.ActiveCfg = Debug|Any CPU
		{DC993EAD-5162-450B-B00E-C6FBB26C04D5}.Debug|Any CPU.Build.0 = Debug|Any CPU
		{DC993EAD-5162-450B-B00E-C6FBB26C04D5}.Release|Any CPU.ActiveCfg = Release|Any CPU
		{DC993EAD-5162-450B-B00E-C6FBB26C04D5}.Release|Any CPU.Build.0 = Release|Any CPU
		{DA6334EF-110F-44FE-B08C-70DEA6A63469}.Debug|Any CPU.ActiveCfg = Debug|Any CPU
		{DA6334EF-110F-44FE-B08C-70DEA6A63469}.Debug|Any CPU.Build.0 = Debug|Any CPU
		{DA6334EF-110F-44FE-B08C-70DEA6A63469}.Release|Any CPU.ActiveCfg = Release|Any CPU
		{DA6334EF-110F-44FE-B08C-70DEA6A63469}.Release|Any CPU.Build.0 = Release|Any CPU
	EndGlobalSection
	GlobalSection(SolutionProperties) = preSolution
		HideSolutionNode = FALSE
	EndGlobalSection
	GlobalSection(ExtensibilityGlobals) = postSolution
		SolutionGuid = {C9354E9C-0917-4773-A421-6C2E6A967BE2}
	EndGlobalSection
EndGlobal
